
Microsoft Visual Studio Solution File, Format Version 12.00
# Visual Studio 15
VisualStudioVersion = 15.0.28307.421
MinimumVisualStudioVersion = 10.0.40219.1
Project("{FAE04EC0-301F-11D3-BF4B-00C04F79EFBC}") = "MinhHieuShop.Model", "MinhHieuShop.Model\MinhHieuShop.Model.csproj", "{581E0B8F-B06D-4FE8-B91B-D1F90F704F16}"
EndProject
Project("{FAE04EC0-301F-11D3-BF4B-00C04F79EFBC}") = "MinhHieuShop.Service", "MinhHieuShop.Service\MinhHieuShop.Service.csproj", "{3EC29C46-ED87-4FD8-B8D7-4A9E74392C27}"
EndProject
Project("{FAE04EC0-301F-11D3-BF4B-00C04F79EFBC}") = "MinhHieuShop.Web", "MinhHieuShop.Web\MinhHieuShop.Web.csproj", "{AA4CB0A0-68FB-4EEC-B754-656B60AFD015}"
EndProject
Project("{FAE04EC0-301F-11D3-BF4B-00C04F79EFBC}") = "MinhHieuShop.UnitTest", "MinhHieuShop.UnitTest\MinhHieuShop.UnitTest.csproj", "{7DBBB36D-E2D1-4C5A-BF86-6682F8714545}"
EndProject
Project("{FAE04EC0-301F-11D3-BF4B-00C04F79EFBC}") = "MinhHieuShop.Common", "MinhHieuShop.Common\MinhHieuShop.Common.csproj", "{C214C197-F75B-4E05-9FCD-C32AB10B29A5}"
EndProject
Project("{FAE04EC0-301F-11D3-BF4B-00C04F79EFBC}") = "MinhHieuShop.Data", "MinhHieuShop.Data\MinhHieuShop.Data.csproj", "{106D6ADE-098F-437E-B148-331B8C223128}"
EndProject
Global
	GlobalSection(SolutionConfigurationPlatforms) = preSolution
		Debug|Any CPU = Debug|Any CPU
		Release|Any CPU = Release|Any CPU
	EndGlobalSection
	GlobalSection(ProjectConfigurationPlatforms) = postSolution
		{581E0B8F-B06D-4FE8-B91B-D1F90F704F16}.Debug|Any CPU.ActiveCfg = Debug|Any CPU
		{581E0B8F-B06D-4FE8-B91B-D1F90F704F16}.Debug|Any CPU.Build.0 = Debug|Any CPU
		{581E0B8F-B06D-4FE8-B91B-D1F90F704F16}.Release|Any CPU.ActiveCfg = Release|Any CPU
		{581E0B8F-B06D-4FE8-B91B-D1F90F704F16}.Release|Any CPU.Build.0 = Release|Any CPU
		{3EC29C46-ED87-4FD8-B8D7-4A9E74392C27}.Debug|Any CPU.ActiveCfg = Debug|Any CPU
		{3EC29C46-ED87-4FD8-B8D7-4A9E74392C27}.Debug|Any CPU.Build.0 = Debug|Any CPU
		{3EC29C46-ED87-4FD8-B8D7-4A9E74392C27}.Release|Any CPU.ActiveCfg = Release|Any CPU
		{3EC29C46-ED87-4FD8-B8D7-4A9E74392C27}.Release|Any CPU.Build.0 = Release|Any CPU
		{AA4CB0A0-68FB-4EEC-B754-656B60AFD015}.Debug|Any CPU.ActiveCfg = Debug|Any CPU
		{AA4CB0A0-68FB-4EEC-B754-656B60AFD015}.Debug|Any CPU.Build.0 = Debug|Any CPU
		{AA4CB0A0-68FB-4EEC-B754-656B60AFD015}.Release|Any CPU.ActiveCfg = Release|Any CPU
		{AA4CB0A0-68FB-4EEC-B754-656B60AFD015}.Release|Any CPU.Build.0 = Release|Any CPU
		{7DBBB36D-E2D1-4C5A-BF86-6682F8714545}.Debug|Any CPU.ActiveCfg = Debug|Any CPU
		{7DBBB36D-E2D1-4C5A-BF86-6682F8714545}.Debug|Any CPU.Build.0 = Debug|Any CPU
		{7DBBB36D-E2D1-4C5A-BF86-6682F8714545}.Release|Any CPU.ActiveCfg = Release|Any CPU
		{7DBBB36D-E2D1-4C5A-BF86-6682F8714545}.Release|Any CPU.Build.0 = Release|Any CPU
		{C214C197-F75B-4E05-9FCD-C32AB10B29A5}.Debug|Any CPU.ActiveCfg = Debug|Any CPU
		{C214C197-F75B-4E05-9FCD-C32AB10B29A5}.Debug|Any CPU.Build.0 = Debug|Any CPU
		{C214C197-F75B-4E05-9FCD-C32AB10B29A5}.Release|Any CPU.ActiveCfg = Release|Any CPU
		{C214C197-F75B-4E05-9FCD-C32AB10B29A5}.Release|Any CPU.Build.0 = Release|Any CPU
		{106D6ADE-098F-437E-B148-331B8C223128}.Debug|Any CPU.ActiveCfg = Debug|Any CPU
		{106D6ADE-098F-437E-B148-331B8C223128}.Debug|Any CPU.Build.0 = Debug|Any CPU
		{106D6ADE-098F-437E-B148-331B8C223128}.Release|Any CPU.ActiveCfg = Release|Any CPU
		{106D6ADE-098F-437E-B148-331B8C223128}.Release|Any CPU.Build.0 = Release|Any CPU
	EndGlobalSection
	GlobalSection(SolutionProperties) = preSolution
		HideSolutionNode = FALSE
	EndGlobalSection
	GlobalSection(ExtensibilityGlobals) = postSolution
		SolutionGuid = {AE23AAD6-0F10-467E-AF47-241395755CA7}
	EndGlobalSection
EndGlobal
